// !$*UTF8*$!
{
	archiveVersion = 1;
	classes = {
	};
	objectVersion = 50;
	objects = {

/* Begin PBXBuildFile section */
		0E71DC89EB091311F2864C70 /* Pods_Drumify.framework in Frameworks */ = {isa = PBXBuildFile; fileRef = E7139AF6E6D06C2B3984DB82 /* Pods_Drumify.framework */; };
		61C7377D686AD9BC7C20A7EA /* Pods_DrumifyTests.framework in Frameworks */ = {isa = PBXBuildFile; fileRef = 4334098D640DC29D08B000E9 /* Pods_DrumifyTests.framework */; };
		69E6A892A3B1B85742C7BE6D /* Pods_DrumifyUITests.framework in Frameworks */ = {isa = PBXBuildFile; fileRef = 33DF5F36BADF3A6AA8C6A718 /* Pods_DrumifyUITests.framework */; };
		B4171C1022614F6800C7B282 /* SequencerViewController.swift in Sources */ = {isa = PBXBuildFile; fileRef = B4171C0F22614F6800C7B282 /* SequencerViewController.swift */; };
		B4176A362239C39B00FFF813 /* Constants.swift in Sources */ = {isa = PBXBuildFile; fileRef = B4176A352239C39B00FFF813 /* Constants.swift */; };
		B41F409422335DB600C293C4 /* Recording.swift in Sources */ = {isa = PBXBuildFile; fileRef = B41F409322335DB600C293C4 /* Recording.swift */; };
		B43C4B65221BB86F00659D1C /* Font Awesome 5 Free-Solid-900.otf in Resources */ = {isa = PBXBuildFile; fileRef = B43C4B64221BB86F00659D1C /* Font Awesome 5 Free-Solid-900.otf */; };
		B43CC7372238C7B0004B4F57 /* AddRecordingModalViewController.swift in Sources */ = {isa = PBXBuildFile; fileRef = B43CC7362238C7B0004B4F57 /* AddRecordingModalViewController.swift */; };
		B45D67E0227844C9006F2972 /* AppLogo.png in Resources */ = {isa = PBXBuildFile; fileRef = B45D67DF227844C9006F2972 /* AppLogo.png */; };
		B463BBA4221C7E7100E310AA /* RecordingTableViewCell.swift in Sources */ = {isa = PBXBuildFile; fileRef = B463BBA3221C7E7100E310AA /* RecordingTableViewCell.swift */; };
		DC36AE71223439A0004CC951 /* Analysis.swift in Sources */ = {isa = PBXBuildFile; fileRef = DC36AE70223439A0004CC951 /* Analysis.swift */; };
		DC3EFD1621FEA9FE000ED222 /* AppDelegate.swift in Sources */ = {isa = PBXBuildFile; fileRef = DC3EFD1521FEA9FE000ED222 /* AppDelegate.swift */; };
		DC3EFD1821FEA9FE000ED222 /* ViewController.swift in Sources */ = {isa = PBXBuildFile; fileRef = DC3EFD1721FEA9FE000ED222 /* ViewController.swift */; };
		DC3EFD1B21FEA9FE000ED222 /* Main.storyboard in Resources */ = {isa = PBXBuildFile; fileRef = DC3EFD1921FEA9FE000ED222 /* Main.storyboard */; };
		DC3EFD1D21FEAA00000ED222 /* Assets.xcassets in Resources */ = {isa = PBXBuildFile; fileRef = DC3EFD1C21FEAA00000ED222 /* Assets.xcassets */; };
		DC3EFD2021FEAA00000ED222 /* LaunchScreen.storyboard in Resources */ = {isa = PBXBuildFile; fileRef = DC3EFD1E21FEAA00000ED222 /* LaunchScreen.storyboard */; };
		DC3EFD2B21FEAA00000ED222 /* DrumifyTests.swift in Sources */ = {isa = PBXBuildFile; fileRef = DC3EFD2A21FEAA00000ED222 /* DrumifyTests.swift */; };
		DC3EFD3621FEAA00000ED222 /* DrumifyUITests.swift in Sources */ = {isa = PBXBuildFile; fileRef = DC3EFD3521FEAA00000ED222 /* DrumifyUITests.swift */; };
		DC70EB1E2258132A00BA9B22 /* Lane.swift in Sources */ = {isa = PBXBuildFile; fileRef = DC70EB1D2258132A00BA9B22 /* Lane.swift */; };
		DC70EB212258194A00BA9B22 /* Sequencer.storyboard in Resources */ = {isa = PBXBuildFile; fileRef = DC70EB202258194A00BA9B22 /* Sequencer.storyboard */; };
		DC78DC9E2276685E009BA755 /* AudioPresetFiles in Resources */ = {isa = PBXBuildFile; fileRef = DC78DC9D2276685E009BA755 /* AudioPresetFiles */; };
		DCAE4FB322761EA900E2D01F /* CustomLaneBarCell.swift in Sources */ = {isa = PBXBuildFile; fileRef = DCAE4FB222761EA900E2D01F /* CustomLaneBarCell.swift */; };
		DCB3B012223E1B8800C8E05E /* BeatTableViewCell.swift in Sources */ = {isa = PBXBuildFile; fileRef = DCB3B011223E1B8800C8E05E /* BeatTableViewCell.swift */; };
		DCB3B014223E1B9F00C8E05E /* Beat.swift in Sources */ = {isa = PBXBuildFile; fileRef = DCB3B013223E1B9F00C8E05E /* Beat.swift */; };
		DCB9C1AF223DEA3000475E13 /* BeatViewController.swift in Sources */ = {isa = PBXBuildFile; fileRef = DCB9C1AE223DEA3000475E13 /* BeatViewController.swift */; };
		DCEC3E8A22614827003ABA7C /* CustomSequencerCell.swift in Sources */ = {isa = PBXBuildFile; fileRef = DCEC3E8922614827003ABA7C /* CustomSequencerCell.swift */; };
		DCEC3E8C2261500E003ABA7C /* ColumnFlowLayout.swift in Sources */ = {isa = PBXBuildFile; fileRef = DCEC3E8B2261500E003ABA7C /* ColumnFlowLayout.swift */; };
/* End PBXBuildFile section */

/* Begin PBXContainerItemProxy section */
		DC3EFD2721FEAA00000ED222 /* PBXContainerItemProxy */ = {
			isa = PBXContainerItemProxy;
			containerPortal = DC3EFD0A21FEA9FE000ED222 /* Project object */;
			proxyType = 1;
			remoteGlobalIDString = DC3EFD1121FEA9FE000ED222;
			remoteInfo = Drumify;
		};
		DC3EFD3221FEAA00000ED222 /* PBXContainerItemProxy */ = {
			isa = PBXContainerItemProxy;
			containerPortal = DC3EFD0A21FEA9FE000ED222 /* Project object */;
			proxyType = 1;
			remoteGlobalIDString = DC3EFD1121FEA9FE000ED222;
			remoteInfo = Drumify;
		};
/* End PBXContainerItemProxy section */

/* Begin PBXFileReference section */
		33DF5F36BADF3A6AA8C6A718 /* Pods_DrumifyUITests.framework */ = {isa = PBXFileReference; explicitFileType = wrapper.framework; includeInIndex = 0; path = Pods_DrumifyUITests.framework; sourceTree = BUILT_PRODUCTS_DIR; };
		4334098D640DC29D08B000E9 /* Pods_DrumifyTests.framework */ = {isa = PBXFileReference; explicitFileType = wrapper.framework; includeInIndex = 0; path = Pods_DrumifyTests.framework; sourceTree = BUILT_PRODUCTS_DIR; };
		4A1BBD9FA1CADECB8C06DBDD /* Pods-DrumifyUITests.debug.xcconfig */ = {isa = PBXFileReference; includeInIndex = 1; lastKnownFileType = text.xcconfig; name = "Pods-DrumifyUITests.debug.xcconfig"; path = "Target Support Files/Pods-DrumifyUITests/Pods-DrumifyUITests.debug.xcconfig"; sourceTree = "<group>"; };
		67D5E2F44C8BF6C100DEDC7B /* Pods-DrumifyTests.debug.xcconfig */ = {isa = PBXFileReference; includeInIndex = 1; lastKnownFileType = text.xcconfig; name = "Pods-DrumifyTests.debug.xcconfig"; path = "Target Support Files/Pods-DrumifyTests/Pods-DrumifyTests.debug.xcconfig"; sourceTree = "<group>"; };
		738B985A6EFC099D7805B17D /* Pods-Drumify.release.xcconfig */ = {isa = PBXFileReference; includeInIndex = 1; lastKnownFileType = text.xcconfig; name = "Pods-Drumify.release.xcconfig"; path = "Target Support Files/Pods-Drumify/Pods-Drumify.release.xcconfig"; sourceTree = "<group>"; };
		97C815BBA88F8127EEA8EADD /* Pods-Drumify.debug.xcconfig */ = {isa = PBXFileReference; includeInIndex = 1; lastKnownFileType = text.xcconfig; name = "Pods-Drumify.debug.xcconfig"; path = "Target Support Files/Pods-Drumify/Pods-Drumify.debug.xcconfig"; sourceTree = "<group>"; };
		B4171C0F22614F6800C7B282 /* SequencerViewController.swift */ = {isa = PBXFileReference; lastKnownFileType = sourcecode.swift; path = SequencerViewController.swift; sourceTree = "<group>"; };
		B4176A352239C39B00FFF813 /* Constants.swift */ = {isa = PBXFileReference; lastKnownFileType = sourcecode.swift; path = Constants.swift; sourceTree = "<group>"; };
		B41F409322335DB600C293C4 /* Recording.swift */ = {isa = PBXFileReference; lastKnownFileType = sourcecode.swift; path = Recording.swift; sourceTree = "<group>"; };
		B43C4B64221BB86F00659D1C /* Font Awesome 5 Free-Solid-900.otf */ = {isa = PBXFileReference; lastKnownFileType = file; path = "Font Awesome 5 Free-Solid-900.otf"; sourceTree = "<group>"; };
		B43CC7362238C7B0004B4F57 /* AddRecordingModalViewController.swift */ = {isa = PBXFileReference; lastKnownFileType = sourcecode.swift; path = AddRecordingModalViewController.swift; sourceTree = "<group>"; };
		B45D67DF227844C9006F2972 /* AppLogo.png */ = {isa = PBXFileReference; lastKnownFileType = image.png; path = AppLogo.png; sourceTree = SOURCE_ROOT; };
		B461EF5731B55F01F7C329FE /* Pods-DrumifyUITests.release.xcconfig */ = {isa = PBXFileReference; includeInIndex = 1; lastKnownFileType = text.xcconfig; name = "Pods-DrumifyUITests.release.xcconfig"; path = "Target Support Files/Pods-DrumifyUITests/Pods-DrumifyUITests.release.xcconfig"; sourceTree = "<group>"; };
		B463BBA3221C7E7100E310AA /* RecordingTableViewCell.swift */ = {isa = PBXFileReference; lastKnownFileType = sourcecode.swift; path = RecordingTableViewCell.swift; sourceTree = "<group>"; };
		CB27D441B5C9C8148C4C265F /* Pods-DrumifyTests.release.xcconfig */ = {isa = PBXFileReference; includeInIndex = 1; lastKnownFileType = text.xcconfig; name = "Pods-DrumifyTests.release.xcconfig"; path = "Target Support Files/Pods-DrumifyTests/Pods-DrumifyTests.release.xcconfig"; sourceTree = "<group>"; };
		DC36AE70223439A0004CC951 /* Analysis.swift */ = {isa = PBXFileReference; lastKnownFileType = sourcecode.swift; path = Analysis.swift; sourceTree = "<group>"; };
		DC3EFD1221FEA9FE000ED222 /* Drumify.app */ = {isa = PBXFileReference; explicitFileType = wrapper.application; includeInIndex = 0; path = Drumify.app; sourceTree = BUILT_PRODUCTS_DIR; };
		DC3EFD1521FEA9FE000ED222 /* AppDelegate.swift */ = {isa = PBXFileReference; lastKnownFileType = sourcecode.swift; path = AppDelegate.swift; sourceTree = "<group>"; };
		DC3EFD1721FEA9FE000ED222 /* ViewController.swift */ = {isa = PBXFileReference; lastKnownFileType = sourcecode.swift; path = ViewController.swift; sourceTree = "<group>"; };
		DC3EFD1A21FEA9FE000ED222 /* Base */ = {isa = PBXFileReference; lastKnownFileType = file.storyboard; name = Base; path = Base.lproj/Main.storyboard; sourceTree = "<group>"; };
		DC3EFD1C21FEAA00000ED222 /* Assets.xcassets */ = {isa = PBXFileReference; lastKnownFileType = folder.assetcatalog; path = Assets.xcassets; sourceTree = "<group>"; };
		DC3EFD1F21FEAA00000ED222 /* Base */ = {isa = PBXFileReference; lastKnownFileType = file.storyboard; name = Base; path = Base.lproj/LaunchScreen.storyboard; sourceTree = "<group>"; };
		DC3EFD2121FEAA00000ED222 /* Info.plist */ = {isa = PBXFileReference; lastKnownFileType = text.plist.xml; path = Info.plist; sourceTree = "<group>"; };
		DC3EFD2621FEAA00000ED222 /* DrumifyTests.xctest */ = {isa = PBXFileReference; explicitFileType = wrapper.cfbundle; includeInIndex = 0; path = DrumifyTests.xctest; sourceTree = BUILT_PRODUCTS_DIR; };
		DC3EFD2A21FEAA00000ED222 /* DrumifyTests.swift */ = {isa = PBXFileReference; lastKnownFileType = sourcecode.swift; path = DrumifyTests.swift; sourceTree = "<group>"; };
		DC3EFD2C21FEAA00000ED222 /* Info.plist */ = {isa = PBXFileReference; lastKnownFileType = text.plist.xml; path = Info.plist; sourceTree = "<group>"; };
		DC3EFD3121FEAA00000ED222 /* DrumifyUITests.xctest */ = {isa = PBXFileReference; explicitFileType = wrapper.cfbundle; includeInIndex = 0; path = DrumifyUITests.xctest; sourceTree = BUILT_PRODUCTS_DIR; };
		DC3EFD3521FEAA00000ED222 /* DrumifyUITests.swift */ = {isa = PBXFileReference; lastKnownFileType = sourcecode.swift; path = DrumifyUITests.swift; sourceTree = "<group>"; };
		DC3EFD3721FEAA00000ED222 /* Info.plist */ = {isa = PBXFileReference; lastKnownFileType = text.plist.xml; path = Info.plist; sourceTree = "<group>"; };
		DC70EB1D2258132A00BA9B22 /* Lane.swift */ = {isa = PBXFileReference; lastKnownFileType = sourcecode.swift; path = Lane.swift; sourceTree = "<group>"; };
		DC70EB202258194A00BA9B22 /* Sequencer.storyboard */ = {isa = PBXFileReference; lastKnownFileType = file.storyboard; path = Sequencer.storyboard; sourceTree = "<group>"; };
		DC78DC9D2276685E009BA755 /* AudioPresetFiles */ = {isa = PBXFileReference; lastKnownFileType = folder; path = AudioPresetFiles; sourceTree = "<group>"; };
		DCAE4FB222761EA900E2D01F /* CustomLaneBarCell.swift */ = {isa = PBXFileReference; lastKnownFileType = sourcecode.swift; path = CustomLaneBarCell.swift; sourceTree = "<group>"; };
		DCB3B011223E1B8800C8E05E /* BeatTableViewCell.swift */ = {isa = PBXFileReference; lastKnownFileType = sourcecode.swift; path = BeatTableViewCell.swift; sourceTree = "<group>"; };
		DCB3B013223E1B9F00C8E05E /* Beat.swift */ = {isa = PBXFileReference; lastKnownFileType = sourcecode.swift; path = Beat.swift; sourceTree = "<group>"; };
		DCB9C1AE223DEA3000475E13 /* BeatViewController.swift */ = {isa = PBXFileReference; lastKnownFileType = sourcecode.swift; path = BeatViewController.swift; sourceTree = "<group>"; };
		DCEC3E8922614827003ABA7C /* CustomSequencerCell.swift */ = {isa = PBXFileReference; lastKnownFileType = sourcecode.swift; path = CustomSequencerCell.swift; sourceTree = "<group>"; };
		DCEC3E8B2261500E003ABA7C /* ColumnFlowLayout.swift */ = {isa = PBXFileReference; lastKnownFileType = sourcecode.swift; path = ColumnFlowLayout.swift; sourceTree = "<group>"; };
		E7139AF6E6D06C2B3984DB82 /* Pods_Drumify.framework */ = {isa = PBXFileReference; explicitFileType = wrapper.framework; includeInIndex = 0; path = Pods_Drumify.framework; sourceTree = BUILT_PRODUCTS_DIR; };
/* End PBXFileReference section */

/* Begin PBXFrameworksBuildPhase section */
		DC3EFD0F21FEA9FE000ED222 /* Frameworks */ = {
			isa = PBXFrameworksBuildPhase;
			buildActionMask = 2147483647;
			files = (
				0E71DC89EB091311F2864C70 /* Pods_Drumify.framework in Frameworks */,
			);
			runOnlyForDeploymentPostprocessing = 0;
		};
		DC3EFD2321FEAA00000ED222 /* Frameworks */ = {
			isa = PBXFrameworksBuildPhase;
			buildActionMask = 2147483647;
			files = (
				61C7377D686AD9BC7C20A7EA /* Pods_DrumifyTests.framework in Frameworks */,
			);
			runOnlyForDeploymentPostprocessing = 0;
		};
		DC3EFD2E21FEAA00000ED222 /* Frameworks */ = {
			isa = PBXFrameworksBuildPhase;
			buildActionMask = 2147483647;
			files = (
				69E6A892A3B1B85742C7BE6D /* Pods_DrumifyUITests.framework in Frameworks */,
			);
			runOnlyForDeploymentPostprocessing = 0;
		};
/* End PBXFrameworksBuildPhase section */

/* Begin PBXGroup section */
		033D67BFF067A5AEC0FC1A1C /* Frameworks */ = {
			isa = PBXGroup;
			children = (
				E7139AF6E6D06C2B3984DB82 /* Pods_Drumify.framework */,
				4334098D640DC29D08B000E9 /* Pods_DrumifyTests.framework */,
				33DF5F36BADF3A6AA8C6A718 /* Pods_DrumifyUITests.framework */,
			);
			name = Frameworks;
			sourceTree = "<group>";
		};
		B43C4B61221BB59100659D1C /* Font Awesome */ = {
			isa = PBXGroup;
			children = (
				B43C4B64221BB86F00659D1C /* Font Awesome 5 Free-Solid-900.otf */,
			);
			path = "Font Awesome";
			sourceTree = "<group>";
		};
		C98774961698B2B1AB9F6C51 /* Pods */ = {
			isa = PBXGroup;
			children = (
				97C815BBA88F8127EEA8EADD /* Pods-Drumify.debug.xcconfig */,
				738B985A6EFC099D7805B17D /* Pods-Drumify.release.xcconfig */,
				67D5E2F44C8BF6C100DEDC7B /* Pods-DrumifyTests.debug.xcconfig */,
				CB27D441B5C9C8148C4C265F /* Pods-DrumifyTests.release.xcconfig */,
				4A1BBD9FA1CADECB8C06DBDD /* Pods-DrumifyUITests.debug.xcconfig */,
				B461EF5731B55F01F7C329FE /* Pods-DrumifyUITests.release.xcconfig */,
			);
			path = Pods;
			sourceTree = "<group>";
		};
		DC3EFD0921FEA9FE000ED222 = {
			isa = PBXGroup;
			children = (
				DC3EFD1421FEA9FE000ED222 /* Drumify */,
				DC3EFD2921FEAA00000ED222 /* DrumifyTests */,
				DC3EFD3421FEAA00000ED222 /* DrumifyUITests */,
				033D67BFF067A5AEC0FC1A1C /* Frameworks */,
				C98774961698B2B1AB9F6C51 /* Pods */,
				DC3EFD1321FEA9FE000ED222 /* Products */,
			);
			sourceTree = "<group>";
		};
		DC3EFD1321FEA9FE000ED222 /* Products */ = {
			isa = PBXGroup;
			children = (
				DC3EFD1221FEA9FE000ED222 /* Drumify.app */,
				DC3EFD2621FEAA00000ED222 /* DrumifyTests.xctest */,
				DC3EFD3121FEAA00000ED222 /* DrumifyUITests.xctest */,
			);
			name = Products;
			sourceTree = "<group>";
		};
		DC3EFD1421FEA9FE000ED222 /* Drumify */ = {
			isa = PBXGroup;
			children = (
				DC78DC9D2276685E009BA755 /* AudioPresetFiles */,
				DC3EFD1521FEA9FE000ED222 /* AppDelegate.swift */,
				B43C4B61221BB59100659D1C /* Font Awesome */,
				B4176A352239C39B00FFF813 /* Constants.swift */,
				DC70EB1F2258133400BA9B22 /* Models */,
				DC78DC942276675B009BA755 /* CustomCells */,
				DCEC3E8B2261500E003ABA7C /* ColumnFlowLayout.swift */,
				DCB3B011223E1B8800C8E05E /* BeatTableViewCell.swift */,
				DC36AE70223439A0004CC951 /* Analysis.swift */,
				DC3EFD1921FEA9FE000ED222 /* Main.storyboard */,
				B4171C0F22614F6800C7B282 /* SequencerViewController.swift */,
				DC70EB202258194A00BA9B22 /* Sequencer.storyboard */,
				DC3EFD1721FEA9FE000ED222 /* ViewController.swift */,
				DCB9C1AE223DEA3000475E13 /* BeatViewController.swift */,
				B43CC7362238C7B0004B4F57 /* AddRecordingModalViewController.swift */,
				DC3EFD1C21FEAA00000ED222 /* Assets.xcassets */,
				DC3EFD1E21FEAA00000ED222 /* LaunchScreen.storyboard */,
				DC3EFD2121FEAA00000ED222 /* Info.plist */,
				B45D67DF227844C9006F2972 /* AppLogo.png */,
			);
			path = Drumify;
			sourceTree = "<group>";
		};
		DC3EFD2921FEAA00000ED222 /* DrumifyTests */ = {
			isa = PBXGroup;
			children = (
				DC3EFD2A21FEAA00000ED222 /* DrumifyTests.swift */,
				DC3EFD2C21FEAA00000ED222 /* Info.plist */,
			);
			path = DrumifyTests;
			sourceTree = "<group>";
		};
		DC3EFD3421FEAA00000ED222 /* DrumifyUITests */ = {
			isa = PBXGroup;
			children = (
				DC3EFD3521FEAA00000ED222 /* DrumifyUITests.swift */,
				DC3EFD3721FEAA00000ED222 /* Info.plist */,
			);
			path = DrumifyUITests;
			sourceTree = "<group>";
		};
		DC70EB1F2258133400BA9B22 /* Models */ = {
			isa = PBXGroup;
			children = (
				B41F409322335DB600C293C4 /* Recording.swift */,
				DCB3B013223E1B9F00C8E05E /* Beat.swift */,
				DC70EB1D2258132A00BA9B22 /* Lane.swift */,
			);
			path = Models;
			sourceTree = "<group>";
		};
		DC78DC942276675B009BA755 /* CustomCells */ = {
			isa = PBXGroup;
			children = (
				B463BBA3221C7E7100E310AA /* RecordingTableViewCell.swift */,
				DCEC3E8922614827003ABA7C /* CustomSequencerCell.swift */,
				DCAE4FB222761EA900E2D01F /* CustomLaneBarCell.swift */,
			);
			path = CustomCells;
			sourceTree = "<group>";
		};
/* End PBXGroup section */

/* Begin PBXNativeTarget section */
		DC3EFD1121FEA9FE000ED222 /* Drumify */ = {
			isa = PBXNativeTarget;
			buildConfigurationList = DC3EFD3A21FEAA00000ED222 /* Build configuration list for PBXNativeTarget "Drumify" */;
			buildPhases = (
				4F5CBE5420A06FD1F705668C /* [CP] Check Pods Manifest.lock */,
				DC3EFD0E21FEA9FE000ED222 /* Sources */,
				DC3EFD0F21FEA9FE000ED222 /* Frameworks */,
				DC3EFD1021FEA9FE000ED222 /* Resources */,
			);
			buildRules = (
			);
			dependencies = (
			);
			name = Drumify;
			productName = Drumify;
			productReference = DC3EFD1221FEA9FE000ED222 /* Drumify.app */;
			productType = "com.apple.product-type.application";
		};
		DC3EFD2521FEAA00000ED222 /* DrumifyTests */ = {
			isa = PBXNativeTarget;
			buildConfigurationList = DC3EFD3D21FEAA00000ED222 /* Build configuration list for PBXNativeTarget "DrumifyTests" */;
			buildPhases = (
				E6583A8DB89C81B4593E30AB /* [CP] Check Pods Manifest.lock */,
				DC3EFD2221FEAA00000ED222 /* Sources */,
				DC3EFD2321FEAA00000ED222 /* Frameworks */,
				DC3EFD2421FEAA00000ED222 /* Resources */,
			);
			buildRules = (
			);
			dependencies = (
				DC3EFD2821FEAA00000ED222 /* PBXTargetDependency */,
			);
			name = DrumifyTests;
			productName = DrumifyTests;
			productReference = DC3EFD2621FEAA00000ED222 /* DrumifyTests.xctest */;
			productType = "com.apple.product-type.bundle.unit-test";
		};
		DC3EFD3021FEAA00000ED222 /* DrumifyUITests */ = {
			isa = PBXNativeTarget;
			buildConfigurationList = DC3EFD4021FEAA00000ED222 /* Build configuration list for PBXNativeTarget "DrumifyUITests" */;
			buildPhases = (
				549A5C2C664D92E67CE88B19 /* [CP] Check Pods Manifest.lock */,
				DC3EFD2D21FEAA00000ED222 /* Sources */,
				DC3EFD2E21FEAA00000ED222 /* Frameworks */,
				DC3EFD2F21FEAA00000ED222 /* Resources */,
			);
			buildRules = (
			);
			dependencies = (
				DC3EFD3321FEAA00000ED222 /* PBXTargetDependency */,
			);
			name = DrumifyUITests;
			productName = DrumifyUITests;
			productReference = DC3EFD3121FEAA00000ED222 /* DrumifyUITests.xctest */;
			productType = "com.apple.product-type.bundle.ui-testing";
		};
/* End PBXNativeTarget section */

/* Begin PBXProject section */
		DC3EFD0A21FEA9FE000ED222 /* Project object */ = {
			isa = PBXProject;
			attributes = {
				LastSwiftUpdateCheck = 1000;
				LastUpgradeCheck = 1000;
				ORGANIZATIONNAME = "Jackson Kurtz";
				TargetAttributes = {
					DC3EFD1121FEA9FE000ED222 = {
						CreatedOnToolsVersion = 10.0;
						LastSwiftMigration = 1020;
						SystemCapabilities = {
							com.apple.BackgroundModes = {
								enabled = 1;
							};
							com.apple.Keychain = {
								enabled = 0;
							};
						};
					};
					DC3EFD2521FEAA00000ED222 = {
						CreatedOnToolsVersion = 10.0;
						LastSwiftMigration = 1020;
						TestTargetID = DC3EFD1121FEA9FE000ED222;
					};
					DC3EFD3021FEAA00000ED222 = {
						CreatedOnToolsVersion = 10.0;
						LastSwiftMigration = 1020;
						TestTargetID = DC3EFD1121FEA9FE000ED222;
					};
				};
			};
			buildConfigurationList = DC3EFD0D21FEA9FE000ED222 /* Build configuration list for PBXProject "Drumify" */;
			compatibilityVersion = "Xcode 9.3";
			developmentRegion = en;
			hasScannedForEncodings = 0;
			knownRegions = (
				en,
				Base,
			);
			mainGroup = DC3EFD0921FEA9FE000ED222;
			productRefGroup = DC3EFD1321FEA9FE000ED222 /* Products */;
			projectDirPath = "";
			projectRoot = "";
			targets = (
				DC3EFD1121FEA9FE000ED222 /* Drumify */,
				DC3EFD2521FEAA00000ED222 /* DrumifyTests */,
				DC3EFD3021FEAA00000ED222 /* DrumifyUITests */,
			);
		};
/* End PBXProject section */

/* Begin PBXResourcesBuildPhase section */
		DC3EFD1021FEA9FE000ED222 /* Resources */ = {
			isa = PBXResourcesBuildPhase;
			buildActionMask = 2147483647;
			files = (
				DC70EB212258194A00BA9B22 /* Sequencer.storyboard in Resources */,
				DC3EFD2021FEAA00000ED222 /* LaunchScreen.storyboard in Resources */,
				DC78DC9E2276685E009BA755 /* AudioPresetFiles in Resources */,
				DC3EFD1D21FEAA00000ED222 /* Assets.xcassets in Resources */,
				DC3EFD1B21FEA9FE000ED222 /* Main.storyboard in Resources */,
				B45D67E0227844C9006F2972 /* AppLogo.png in Resources */,
				B43C4B65221BB86F00659D1C /* Font Awesome 5 Free-Solid-900.otf in Resources */,
			);
			runOnlyForDeploymentPostprocessing = 0;
		};
		DC3EFD2421FEAA00000ED222 /* Resources */ = {
			isa = PBXResourcesBuildPhase;
			buildActionMask = 2147483647;
			files = (
			);
			runOnlyForDeploymentPostprocessing = 0;
		};
		DC3EFD2F21FEAA00000ED222 /* Resources */ = {
			isa = PBXResourcesBuildPhase;
			buildActionMask = 2147483647;
			files = (
			);
			runOnlyForDeploymentPostprocessing = 0;
		};
/* End PBXResourcesBuildPhase section */

/* Begin PBXShellScriptBuildPhase section */
		4F5CBE5420A06FD1F705668C /* [CP] Check Pods Manifest.lock */ = {
			isa = PBXShellScriptBuildPhase;
			buildActionMask = 2147483647;
			files = (
			);
			inputFileListPaths = (
			);
			inputPaths = (
				"${PODS_PODFILE_DIR_PATH}/Podfile.lock",
				"${PODS_ROOT}/Manifest.lock",
			);
			name = "[CP] Check Pods Manifest.lock";
			outputFileListPaths = (
			);
			outputPaths = (
				"$(DERIVED_FILE_DIR)/Pods-Drumify-checkManifestLockResult.txt",
			);
			runOnlyForDeploymentPostprocessing = 0;
			shellPath = /bin/sh;
			shellScript = "diff \"${PODS_PODFILE_DIR_PATH}/Podfile.lock\" \"${PODS_ROOT}/Manifest.lock\" > /dev/null\nif [ $? != 0 ] ; then\n    # print error to STDERR\n    echo \"error: The sandbox is not in sync with the Podfile.lock. Run 'pod install' or update your CocoaPods installation.\" >&2\n    exit 1\nfi\n# This output is used by Xcode 'outputs' to avoid re-running this script phase.\necho \"SUCCESS\" > \"${SCRIPT_OUTPUT_FILE_0}\"\n";
			showEnvVarsInLog = 0;
		};
		549A5C2C664D92E67CE88B19 /* [CP] Check Pods Manifest.lock */ = {
			isa = PBXShellScriptBuildPhase;
			buildActionMask = 2147483647;
			files = (
			);
			inputFileListPaths = (
			);
			inputPaths = (
				"${PODS_PODFILE_DIR_PATH}/Podfile.lock",
				"${PODS_ROOT}/Manifest.lock",
			);
			name = "[CP] Check Pods Manifest.lock";
			outputFileListPaths = (
			);
			outputPaths = (
				"$(DERIVED_FILE_DIR)/Pods-DrumifyUITests-checkManifestLockResult.txt",
			);
			runOnlyForDeploymentPostprocessing = 0;
			shellPath = /bin/sh;
			shellScript = "diff \"${PODS_PODFILE_DIR_PATH}/Podfile.lock\" \"${PODS_ROOT}/Manifest.lock\" > /dev/null\nif [ $? != 0 ] ; then\n    # print error to STDERR\n    echo \"error: The sandbox is not in sync with the Podfile.lock. Run 'pod install' or update your CocoaPods installation.\" >&2\n    exit 1\nfi\n# This output is used by Xcode 'outputs' to avoid re-running this script phase.\necho \"SUCCESS\" > \"${SCRIPT_OUTPUT_FILE_0}\"\n";
			showEnvVarsInLog = 0;
		};
		E6583A8DB89C81B4593E30AB /* [CP] Check Pods Manifest.lock */ = {
			isa = PBXShellScriptBuildPhase;
			buildActionMask = 2147483647;
			files = (
			);
			inputFileListPaths = (
			);
			inputPaths = (
				"${PODS_PODFILE_DIR_PATH}/Podfile.lock",
				"${PODS_ROOT}/Manifest.lock",
			);
			name = "[CP] Check Pods Manifest.lock";
			outputFileListPaths = (
			);
			outputPaths = (
				"$(DERIVED_FILE_DIR)/Pods-DrumifyTests-checkManifestLockResult.txt",
			);
			runOnlyForDeploymentPostprocessing = 0;
			shellPath = /bin/sh;
			shellScript = "diff \"${PODS_PODFILE_DIR_PATH}/Podfile.lock\" \"${PODS_ROOT}/Manifest.lock\" > /dev/null\nif [ $? != 0 ] ; then\n    # print error to STDERR\n    echo \"error: The sandbox is not in sync with the Podfile.lock. Run 'pod install' or update your CocoaPods installation.\" >&2\n    exit 1\nfi\n# This output is used by Xcode 'outputs' to avoid re-running this script phase.\necho \"SUCCESS\" > \"${SCRIPT_OUTPUT_FILE_0}\"\n";
			showEnvVarsInLog = 0;
		};
/* End PBXShellScriptBuildPhase section */

/* Begin PBXSourcesBuildPhase section */
		DC3EFD0E21FEA9FE000ED222 /* Sources */ = {
			isa = PBXSourcesBuildPhase;
			buildActionMask = 2147483647;
			files = (
				DC3EFD1821FEA9FE000ED222 /* ViewController.swift in Sources */,
				DCEC3E8C2261500E003ABA7C /* ColumnFlowLayout.swift in Sources */,
				DCAE4FB322761EA900E2D01F /* CustomLaneBarCell.swift in Sources */,
				B463BBA4221C7E7100E310AA /* RecordingTableViewCell.swift in Sources */,
				DCEC3E8A22614827003ABA7C /* CustomSequencerCell.swift in Sources */,
				DCB3B012223E1B8800C8E05E /* BeatTableViewCell.swift in Sources */,
				DCB3B014223E1B9F00C8E05E /* Beat.swift in Sources */,
				DC3EFD1621FEA9FE000ED222 /* AppDelegate.swift in Sources */,
				B41F409422335DB600C293C4 /* Recording.swift in Sources */,
				B4176A362239C39B00FFF813 /* Constants.swift in Sources */,
				B43CC7372238C7B0004B4F57 /* AddRecordingModalViewController.swift in Sources */,
				DC70EB1E2258132A00BA9B22 /* Lane.swift in Sources */,
				DCB9C1AF223DEA3000475E13 /* BeatViewController.swift in Sources */,
				DC36AE71223439A0004CC951 /* Analysis.swift in Sources */,
				B4171C1022614F6800C7B282 /* SequencerViewController.swift in Sources */,
			);
			runOnlyForDeploymentPostprocessing = 0;
		};
		DC3EFD2221FEAA00000ED222 /* Sources */ = {
			isa = PBXSourcesBuildPhase;
			buildActionMask = 2147483647;
			files = (
				DC3EFD2B21FEAA00000ED222 /* DrumifyTests.swift in Sources */,
			);
			runOnlyForDeploymentPostprocessing = 0;
		};
		DC3EFD2D21FEAA00000ED222 /* Sources */ = {
			isa = PBXSourcesBuildPhase;
			buildActionMask = 2147483647;
			files = (
				DC3EFD3621FEAA00000ED222 /* DrumifyUITests.swift in Sources */,
			);
			runOnlyForDeploymentPostprocessing = 0;
		};
/* End PBXSourcesBuildPhase section */

/* Begin PBXTargetDependency section */
		DC3EFD2821FEAA00000ED222 /* PBXTargetDependency */ = {
			isa = PBXTargetDependency;
			target = DC3EFD1121FEA9FE000ED222 /* Drumify */;
			targetProxy = DC3EFD2721FEAA00000ED222 /* PBXContainerItemProxy */;
		};
		DC3EFD3321FEAA00000ED222 /* PBXTargetDependency */ = {
			isa = PBXTargetDependency;
			target = DC3EFD1121FEA9FE000ED222 /* Drumify */;
			targetProxy = DC3EFD3221FEAA00000ED222 /* PBXContainerItemProxy */;
		};
/* End PBXTargetDependency section */

/* Begin PBXVariantGroup section */
		DC3EFD1921FEA9FE000ED222 /* Main.storyboard */ = {
			isa = PBXVariantGroup;
			children = (
				DC3EFD1A21FEA9FE000ED222 /* Base */,
			);
			name = Main.storyboard;
			sourceTree = "<group>";
		};
		DC3EFD1E21FEAA00000ED222 /* LaunchScreen.storyboard */ = {
			isa = PBXVariantGroup;
			children = (
				DC3EFD1F21FEAA00000ED222 /* Base */,
			);
			name = LaunchScreen.storyboard;
			sourceTree = "<group>";
		};
/* End PBXVariantGroup section */

/* Begin XCBuildConfiguration section */
		DC3EFD3821FEAA00000ED222 /* Debug */ = {
			isa = XCBuildConfiguration;
			buildSettings = {
				ALWAYS_SEARCH_USER_PATHS = NO;
				CLANG_ANALYZER_NONNULL = YES;
				CLANG_ANALYZER_NUMBER_OBJECT_CONVERSION = YES_AGGRESSIVE;
				CLANG_CXX_LANGUAGE_STANDARD = "gnu++14";
				CLANG_CXX_LIBRARY = "libc++";
				CLANG_ENABLE_MODULES = YES;
				CLANG_ENABLE_OBJC_ARC = YES;
				CLANG_ENABLE_OBJC_WEAK = YES;
				CLANG_WARN_BLOCK_CAPTURE_AUTORELEASING = YES;
				CLANG_WARN_BOOL_CONVERSION = YES;
				CLANG_WARN_COMMA = YES;
				CLANG_WARN_CONSTANT_CONVERSION = YES;
				CLANG_WARN_DEPRECATED_OBJC_IMPLEMENTATIONS = YES;
				CLANG_WARN_DIRECT_OBJC_ISA_USAGE = YES_ERROR;
				CLANG_WARN_DOCUMENTATION_COMMENTS = YES;
				CLANG_WARN_EMPTY_BODY = YES;
				CLANG_WARN_ENUM_CONVERSION = YES;
				CLANG_WARN_INFINITE_RECURSION = YES;
				CLANG_WARN_INT_CONVERSION = YES;
				CLANG_WARN_NON_LITERAL_NULL_CONVERSION = YES;
				CLANG_WARN_OBJC_IMPLICIT_RETAIN_SELF = YES;
				CLANG_WARN_OBJC_LITERAL_CONVERSION = YES;
				CLANG_WARN_OBJC_ROOT_CLASS = YES_ERROR;
				CLANG_WARN_RANGE_LOOP_ANALYSIS = YES;
				CLANG_WARN_STRICT_PROTOTYPES = YES;
				CLANG_WARN_SUSPICIOUS_MOVE = YES;
				CLANG_WARN_UNGUARDED_AVAILABILITY = YES_AGGRESSIVE;
				CLANG_WARN_UNREACHABLE_CODE = YES;
				CLANG_WARN__DUPLICATE_METHOD_MATCH = YES;
				CODE_SIGN_IDENTITY = "iPhone Developer";
				COPY_PHASE_STRIP = NO;
				DEBUG_INFORMATION_FORMAT = dwarf;
				ENABLE_STRICT_OBJC_MSGSEND = YES;
				ENABLE_TESTABILITY = YES;
				GCC_C_LANGUAGE_STANDARD = gnu11;
				GCC_DYNAMIC_NO_PIC = NO;
				GCC_NO_COMMON_BLOCKS = YES;
				GCC_OPTIMIZATION_LEVEL = 0;
				GCC_PREPROCESSOR_DEFINITIONS = (
					"DEBUG=1",
					"$(inherited)",
				);
				GCC_WARN_64_TO_32_BIT_CONVERSION = YES;
				GCC_WARN_ABOUT_RETURN_TYPE = YES_ERROR;
				GCC_WARN_UNDECLARED_SELECTOR = YES;
				GCC_WARN_UNINITIALIZED_AUTOS = YES_AGGRESSIVE;
				GCC_WARN_UNUSED_FUNCTION = YES;
				GCC_WARN_UNUSED_VARIABLE = YES;
				IPHONEOS_DEPLOYMENT_TARGET = 12.0;
				MTL_ENABLE_DEBUG_INFO = INCLUDE_SOURCE;
				MTL_FAST_MATH = YES;
				ONLY_ACTIVE_ARCH = YES;
				SDKROOT = iphoneos;
				SWIFT_ACTIVE_COMPILATION_CONDITIONS = DEBUG;
				SWIFT_OPTIMIZATION_LEVEL = "-Onone";
			};
			name = Debug;
		};
		DC3EFD3921FEAA00000ED222 /* Release */ = {
			isa = XCBuildConfiguration;
			buildSettings = {
				ALWAYS_SEARCH_USER_PATHS = NO;
				CLANG_ANALYZER_NONNULL = YES;
				CLANG_ANALYZER_NUMBER_OBJECT_CONVERSION = YES_AGGRESSIVE;
				CLANG_CXX_LANGUAGE_STANDARD = "gnu++14";
				CLANG_CXX_LIBRARY = "libc++";
				CLANG_ENABLE_MODULES = YES;
				CLANG_ENABLE_OBJC_ARC = YES;
				CLANG_ENABLE_OBJC_WEAK = YES;
				CLANG_WARN_BLOCK_CAPTURE_AUTORELEASING = YES;
				CLANG_WARN_BOOL_CONVERSION = YES;
				CLANG_WARN_COMMA = YES;
				CLANG_WARN_CONSTANT_CONVERSION = YES;
				CLANG_WARN_DEPRECATED_OBJC_IMPLEMENTATIONS = YES;
				CLANG_WARN_DIRECT_OBJC_ISA_USAGE = YES_ERROR;
				CLANG_WARN_DOCUMENTATION_COMMENTS = YES;
				CLANG_WARN_EMPTY_BODY = YES;
				CLANG_WARN_ENUM_CONVERSION = YES;
				CLANG_WARN_INFINITE_RECURSION = YES;
				CLANG_WARN_INT_CONVERSION = YES;
				CLANG_WARN_NON_LITERAL_NULL_CONVERSION = YES;
				CLANG_WARN_OBJC_IMPLICIT_RETAIN_SELF = YES;
				CLANG_WARN_OBJC_LITERAL_CONVERSION = YES;
				CLANG_WARN_OBJC_ROOT_CLASS = YES_ERROR;
				CLANG_WARN_RANGE_LOOP_ANALYSIS = YES;
				CLANG_WARN_STRICT_PROTOTYPES = YES;
				CLANG_WARN_SUSPICIOUS_MOVE = YES;
				CLANG_WARN_UNGUARDED_AVAILABILITY = YES_AGGRESSIVE;
				CLANG_WARN_UNREACHABLE_CODE = YES;
				CLANG_WARN__DUPLICATE_METHOD_MATCH = YES;
				CODE_SIGN_IDENTITY = "iPhone Developer";
				COPY_PHASE_STRIP = NO;
				DEBUG_INFORMATION_FORMAT = "dwarf-with-dsym";
				ENABLE_NS_ASSERTIONS = NO;
				ENABLE_STRICT_OBJC_MSGSEND = YES;
				GCC_C_LANGUAGE_STANDARD = gnu11;
				GCC_NO_COMMON_BLOCKS = YES;
				GCC_WARN_64_TO_32_BIT_CONVERSION = YES;
				GCC_WARN_ABOUT_RETURN_TYPE = YES_ERROR;
				GCC_WARN_UNDECLARED_SELECTOR = YES;
				GCC_WARN_UNINITIALIZED_AUTOS = YES_AGGRESSIVE;
				GCC_WARN_UNUSED_FUNCTION = YES;
				GCC_WARN_UNUSED_VARIABLE = YES;
				IPHONEOS_DEPLOYMENT_TARGET = 12.0;
				MTL_ENABLE_DEBUG_INFO = NO;
				MTL_FAST_MATH = YES;
				SDKROOT = iphoneos;
				SWIFT_COMPILATION_MODE = wholemodule;
				SWIFT_OPTIMIZATION_LEVEL = "-O";
				VALIDATE_PRODUCT = YES;
			};
			name = Release;
		};
		DC3EFD3B21FEAA00000ED222 /* Debug */ = {
			isa = XCBuildConfiguration;
			baseConfigurationReference = 97C815BBA88F8127EEA8EADD /* Pods-Drumify.debug.xcconfig */;
			buildSettings = {
				ASSETCATALOG_COMPILER_APPICON_NAME = AppIcon;
				CODE_SIGN_IDENTITY = "iPhone Developer";
				CODE_SIGN_STYLE = Automatic;
				DEVELOPMENT_TEAM = FJ5DVU875S;
				INFOPLIST_FILE = Drumify/Info.plist;
				LD_RUNPATH_SEARCH_PATHS = (
					"$(inherited)",
					"@executable_path/Frameworks",
				);
				ONLY_ACTIVE_ARCH = NO;
				PRODUCT_BUNDLE_IDENTIFIER = jk.Drumify1;
				PRODUCT_NAME = "$(TARGET_NAME)";
				PROVISIONING_PROFILE_SPECIFIER = "";
				SWIFT_VERSION = 5.0;
				TARGETED_DEVICE_FAMILY = "1,2";
			};
			name = Debug;
		};
		DC3EFD3C21FEAA00000ED222 /* Release */ = {
			isa = XCBuildConfiguration;
			baseConfigurationReference = 738B985A6EFC099D7805B17D /* Pods-Drumify.release.xcconfig */;
			buildSettings = {
				ASSETCATALOG_COMPILER_APPICON_NAME = AppIcon;
				CODE_SIGN_IDENTITY = "iPhone Developer";
				CODE_SIGN_STYLE = Automatic;
				DEVELOPMENT_TEAM = FJ5DVU875S;
				INFOPLIST_FILE = Drumify/Info.plist;
				LD_RUNPATH_SEARCH_PATHS = (
					"$(inherited)",
					"@executable_path/Frameworks",
				);
				PRODUCT_BUNDLE_IDENTIFIER = jk.Drumify1;
				PRODUCT_NAME = "$(TARGET_NAME)";
				PROVISIONING_PROFILE_SPECIFIER = "";
				SWIFT_VERSION = 5.0;
				TARGETED_DEVICE_FAMILY = "1,2";
			};
			name = Release;
		};
		DC3EFD3E21FEAA00000ED222 /* Debug */ = {
			isa = XCBuildConfiguration;
			baseConfigurationReference = 67D5E2F44C8BF6C100DEDC7B /* Pods-DrumifyTests.debug.xcconfig */;
			buildSettings = {
				ALWAYS_EMBED_SWIFT_STANDARD_LIBRARIES = YES;
				BUNDLE_LOADER = "$(TEST_HOST)";
				CODE_SIGN_STYLE = Automatic;
				DEVELOPMENT_TEAM = 64548X6W8H;
				INFOPLIST_FILE = DrumifyTests/Info.plist;
				LD_RUNPATH_SEARCH_PATHS = (
					"$(inherited)",
					"@executable_path/Frameworks",
					"@loader_path/Frameworks",
				);
				PRODUCT_BUNDLE_IDENTIFIER = jk.DrumifyTests;
				PRODUCT_NAME = "$(TARGET_NAME)";
				SWIFT_VERSION = 5.0;
				TARGETED_DEVICE_FAMILY = "1,2";
				TEST_HOST = "$(BUILT_PRODUCTS_DIR)/Drumify.app/Drumify";
			};
			name = Debug;
		};
		DC3EFD3F21FEAA00000ED222 /* Release */ = {
			isa = XCBuildConfiguration;
			baseConfigurationReference = CB27D441B5C9C8148C4C265F /* Pods-DrumifyTests.release.xcconfig */;
			buildSettings = {
				ALWAYS_EMBED_SWIFT_STANDARD_LIBRARIES = YES;
				BUNDLE_LOADER = "$(TEST_HOST)";
				CODE_SIGN_STYLE = Automatic;
				DEVELOPMENT_TEAM = 64548X6W8H;
				INFOPLIST_FILE = DrumifyTests/Info.plist;
				LD_RUNPATH_SEARCH_PATHS = (
					"$(inherited)",
					"@executable_path/Frameworks",
					"@loader_path/Frameworks",
				);
				PRODUCT_BUNDLE_IDENTIFIER = jk.DrumifyTests;
				PRODUCT_NAME = "$(TARGET_NAME)";
				SWIFT_VERSION = 5.0;
				TARGETED_DEVICE_FAMILY = "1,2";
				TEST_HOST = "$(BUILT_PRODUCTS_DIR)/Drumify.app/Drumify";
			};
			name = Release;
		};
		DC3EFD4121FEAA00000ED222 /* Debug */ = {
			isa = XCBuildConfiguration;
			baseConfigurationReference = 4A1BBD9FA1CADECB8C06DBDD /* Pods-DrumifyUITests.debug.xcconfig */;
			buildSettings = {
				ALWAYS_EMBED_SWIFT_STANDARD_LIBRARIES = YES;
				CODE_SIGN_STYLE = Automatic;
				DEVELOPMENT_TEAM = 64548X6W8H;
				INFOPLIST_FILE = DrumifyUITests/Info.plist;
				LD_RUNPATH_SEARCH_PATHS = (
					"$(inherited)",
					"@executable_path/Frameworks",
					"@loader_path/Frameworks",
				);
				PRODUCT_BUNDLE_IDENTIFIER = jk.DrumifyUITests;
				PRODUCT_NAME = "$(TARGET_NAME)";
				SWIFT_VERSION = 5.0;
				TARGETED_DEVICE_FAMILY = "1,2";
				TEST_TARGET_NAME = Drumify;
			};
			name = Debug;
		};
		DC3EFD4221FEAA00000ED222 /* Release */ = {
			isa = XCBuildConfiguration;
			baseConfigurationReference = B461EF5731B55F01F7C329FE /* Pods-DrumifyUITests.release.xcconfig */;
			buildSettings = {
				ALWAYS_EMBED_SWIFT_STANDARD_LIBRARIES = YES;
				CODE_SIGN_STYLE = Automatic;
				DEVELOPMENT_TEAM = 64548X6W8H;
				INFOPLIST_FILE = DrumifyUITests/Info.plist;
				LD_RUNPATH_SEARCH_PATHS = (
					"$(inherited)",
					"@executable_path/Frameworks",
					"@loader_path/Frameworks",
				);
				PRODUCT_BUNDLE_IDENTIFIER = jk.DrumifyUITests;
				PRODUCT_NAME = "$(TARGET_NAME)";
				SWIFT_VERSION = 5.0;
				TARGETED_DEVICE_FAMILY = "1,2";
				TEST_TARGET_NAME = Drumify;
			};
			name = Release;
		};
/* End XCBuildConfiguration section */

/* Begin XCConfigurationList section */
		DC3EFD0D21FEA9FE000ED222 /* Build configuration list for PBXProject "Drumify" */ = {
			isa = XCConfigurationList;
			buildConfigurations = (
				DC3EFD3821FEAA00000ED222 /* Debug */,
				DC3EFD3921FEAA00000ED222 /* Release */,
			);
			defaultConfigurationIsVisible = 0;
			defaultConfigurationName = Release;
		};
		DC3EFD3A21FEAA00000ED222 /* Build configuration list for PBXNativeTarget "Drumify" */ = {
			isa = XCConfigurationList;
			buildConfigurations = (
				DC3EFD3B21FEAA00000ED222 /* Debug */,
				DC3EFD3C21FEAA00000ED222 /* Release */,
			);
			defaultConfigurationIsVisible = 0;
			defaultConfigurationName = Release;
		};
		DC3EFD3D21FEAA00000ED222 /* Build configuration list for PBXNativeTarget "DrumifyTests" */ = {
			isa = XCConfigurationList;
			buildConfigurations = (
				DC3EFD3E21FEAA00000ED222 /* Debug */,
				DC3EFD3F21FEAA00000ED222 /* Release */,
			);
			defaultConfigurationIsVisible = 0;
			defaultConfigurationName = Release;
		};
		DC3EFD4021FEAA00000ED222 /* Build configuration list for PBXNativeTarget "DrumifyUITests" */ = {
			isa = XCConfigurationList;
			buildConfigurations = (
				DC3EFD4121FEAA00000ED222 /* Debug */,
				DC3EFD4221FEAA00000ED222 /* Release */,
			);
			defaultConfigurationIsVisible = 0;
			defaultConfigurationName = Release;
		};
/* End XCConfigurationList section */
	};
	rootObject = DC3EFD0A21FEA9FE000ED222 /* Project object */;
}
